
Microsoft Visual Studio Solution File, Format Version 12.00
# Visual Studio Version 17
VisualStudioVersion = 17.14.36915.13 d17.14
MinimumVisualStudioVersion = 10.0.40219.1
Project("{FAE04EC0-301F-11D3-BF4B-00C04F79EFBC}") = "SistemaGestiónGanaderaLaMestiza", "SistemaGestiónGanaderaLaMestiza\SistemaGestiónGanaderaLaMestiza.csproj", "{DB13F4BC-B8A3-4958-8585-33FC0819ED7D}"
EndProject
Global
	GlobalSection(SolutionConfigurationPlatforms) = preSolution
		Debug|Any CPU = Debug|Any CPU
		Release|Any CPU = Release|Any CPU
	EndGlobalSection
	GlobalSection(ProjectConfigurationPlatforms) = postSolution
		{DB13F4BC-B8A3-4958-8585-33FC0819ED7D}.Debug|Any CPU.ActiveCfg = Debug|Any CPU
		{DB13F4BC-B8A3-4958-8585-33FC0819ED7D}.Debug|Any CPU.Build.0 = Debug|Any CPU
		{DB13F4BC-B8A3-4958-8585-33FC0819ED7D}.Release|Any CPU.ActiveCfg = Debug|Any CPU
		{DB13F4BC-B8A3-4958-8585-33FC0819ED7D}.Release|Any CPU.Build.0 = Debug|Any CPU
	EndGlobalSection
	GlobalSection(SolutionProperties) = preSolution
		HideSolutionNode = FALSE
	EndGlobalSection
	GlobalSection(ExtensibilityGlobals) = postSolution
		SolutionGuid = {E8757E8E-EE75-4DF3-8226-29A7D4009BC5}
	EndGlobalSection
EndGlobal
